
Microsoft Visual Studio Solution File, Format Version 12.00
# Visual Studio Version 17
VisualStudioVersion = 17.3.32804.467
MinimumVisualStudioVersion = 10.0.40219.1
Project("{FAE04EC0-301F-11D3-BF4B-00C04F79EFBC}") = "AzureTable", "AzureTable\AzureTable.csproj", "{D1BE99CD-FE04-4CA8-B799-038DD295EB07}"
EndProject
Global
	GlobalSection(SolutionConfigurationPlatforms) = preSolution
		Debug|Any CPU = Debug|Any CPU
		Release|Any CPU = Release|Any CPU
	EndGlobalSection
	GlobalSection(ProjectConfigurationPlatforms) = postSolution
		{D1BE99CD-FE04-4CA8-B799-038DD295EB07}.Debug|Any CPU.ActiveCfg = Debug|Any CPU
		{D1BE99CD-FE04-4CA8-B799-038DD295EB07}.Debug|Any CPU.Build.0 = Debug|Any CPU
		{D1BE99CD-FE04-4CA8-B799-038DD295EB07}.Release|Any CPU.ActiveCfg = Release|Any CPU
		{D1BE99CD-FE04-4CA8-B799-038DD295EB07}.Release|Any CPU.Build.0 = Release|Any CPU
	EndGlobalSection
	GlobalSection(SolutionProperties) = preSolution
		HideSolutionNode = FALSE
	EndGlobalSection
	GlobalSection(ExtensibilityGlobals) = postSolution
		SolutionGuid = {86EB8897-0160-440B-AD5A-93C4F84CB71C}
	EndGlobalSection
EndGlobal
